
Microsoft Visual Studio Solution File, Format Version 12.00
# Visual Studio Version 16
VisualStudioVersion = 16.0.30114.105
MinimumVisualStudioVersion = 10.0.40219.1
Project("{2150E333-8FDC-42A3-9474-1A3956D46DE8}") = "src", "src", "{F5514C58-1641-440F-8629-21373A3C001C}"
EndProject
Project("{FAE04EC0-301F-11D3-BF4B-00C04F79EFBC}") = "IdentityServer", "src\IdentityServer\IdentityServer.csproj", "{D6F91658-86C6-4D1A-81B5-C6F77A62ECE7}"
EndProject
Global
	GlobalSection(SolutionConfigurationPlatforms) = preSolution
		Debug|Any CPU = Debug|Any CPU
		Release|Any CPU = Release|Any CPU
	EndGlobalSection
	GlobalSection(SolutionProperties) = preSolution
		HideSolutionNode = FALSE
	EndGlobalSection
	GlobalSection(ProjectConfigurationPlatforms) = postSolution
		{D6F91658-86C6-4D1A-81B5-C6F77A62ECE7}.Debug|Any CPU.ActiveCfg = Debug|Any CPU
		{D6F91658-86C6-4D1A-81B5-C6F77A62ECE7}.Debug|Any CPU.Build.0 = Debug|Any CPU
		{D6F91658-86C6-4D1A-81B5-C6F77A62ECE7}.Release|Any CPU.ActiveCfg = Release|Any CPU
		{D6F91658-86C6-4D1A-81B5-C6F77A62ECE7}.Release|Any CPU.Build.0 = Release|Any CPU
	EndGlobalSection
	GlobalSection(NestedProjects) = preSolution
		{D6F91658-86C6-4D1A-81B5-C6F77A62ECE7} = {F5514C58-1641-440F-8629-21373A3C001C}
	EndGlobalSection
EndGlobal
